
Microsoft Visual Studio Solution File, Format Version 12.00
# Visual Studio Version 17
VisualStudioVersion = 17.6.33712.159
MinimumVisualStudioVersion = 10.0.40219.1
Project("{9A19103F-16F7-4668-BE54-9A1E7A4F7556}") = "ShopSavvy", "ShopSavvy.csproj", "{11BA3B25-6D19-4279-AE70-7993118AE321}"
EndProject
Global
	GlobalSection(SolutionConfigurationPlatforms) = preSolution
		Debug|Any CPU = Debug|Any CPU
		Release|Any CPU = Release|Any CPU
	EndGlobalSection
	GlobalSection(ProjectConfigurationPlatforms) = postSolution
		{11BA3B25-6D19-4279-AE70-7993118AE321}.Debug|Any CPU.ActiveCfg = Debug|Any CPU
		{11BA3B25-6D19-4279-AE70-7993118AE321}.Debug|Any CPU.Build.0 = Debug|Any CPU
		{11BA3B25-6D19-4279-AE70-7993118AE321}.Release|Any CPU.ActiveCfg = Release|Any CPU
		{11BA3B25-6D19-4279-AE70-7993118AE321}.Release|Any CPU.Build.0 = Release|Any CPU
	EndGlobalSection
	GlobalSection(SolutionProperties) = preSolution
		HideSolutionNode = FALSE
	EndGlobalSection
	GlobalSection(ExtensibilityGlobals) = postSolution
		SolutionGuid = {38844C2D-3555-4120-AE4A-CD839704BEAF}
	EndGlobalSection
EndGlobal
